{
  "nodes": {
    "flake-utils": {
      "inputs": {
        "systems": "systems"
      },
      "locked": {
        "lastModified": 1731533236,
        "narHash": "sha256-l0KFg5HjrsfsO/JpG+r7fRrqm12kzFHyUHqHCVpMMbI=",
        "owner": "numtide",
        "repo": "flake-utils",
        "rev": "11707dc2f618dd54ca8739b309ec4fc024de578b",
        "type": "github"
      },
      "original": {
        "owner": "numtide",
        "repo": "flake-utils",
        "type": "github"
      }
    },
    "font-awesome": {
      "flake": false,
      "locked": {
        "lastModified": 1734384716,
        "narHash": "sha256-MaJG96kYj8ukJVyqOTDpkHH/eWr/ZlbVKk9AvJM7ub4=",
        "owner": "FortAwesome",
        "repo": "Font-Awesome",
        "rev": "af620534bfc3c2d4cbefcfeec29603bbe7809e64",
        "type": "github"
      },
      "original": {
        "owner": "FortAwesome",
        "repo": "Font-Awesome",
        "type": "github"
      }
    },
    "nixpkgs": {
      "locked": {
        "lastModified": 1744098102,
        "narHash": "sha256-tzCdyIJj9AjysC3OuKA+tMD/kDEDAF9mICPDU7ix0JA=",
        "owner": "NixOS",
        "repo": "nixpkgs",
        "rev": "c8cd81426f45942bb2906d5ed2fe21d2f19d95b7",
        "type": "github"
      },
      "original": {
        "owner": "NixOS",
        "ref": "nixos-unstable",
        "repo": "nixpkgs",
        "type": "github"
      }
    },
    "root": {
      "inputs": {
        "flake-utils": "flake-utils",
        "font-awesome": "font-awesome",
        "nixpkgs": "nixpkgs",
        "term": "term",
        "typix": "typix"
      }
    },
    "systems": {
      "locked": {
        "lastModified": 1681028828,
        "narHash": "sha256-Vy1rq5AaRuLzOxct8nz4T6wlgyUR7zLU309k9mBC768=",
        "owner": "nix-systems",
        "repo": "default",
        "rev": "da67096a3b9bf56a91d16901293e51ba5b49a27e",
        "type": "github"
      },
      "original": {
        "owner": "nix-systems",
        "repo": "default",
        "type": "github"
      }
    },
    "term": {
      "flake": false,
      "locked": {
        "lastModified": 1716456694,
        "narHash": "sha256-OgIeOb3FRHkaJtofJNVMjoaP+bqhyw8McNTdqwIIr/E=",
        "owner": "haennes",
        "repo": "term",
        "rev": "b88a8cbfc6f013f7421282627b479dca6cbf6ef1",
        "type": "github"
      },
      "original": {
        "owner": "haennes",
        "repo": "term",
        "type": "github"
      }
    },
    "typix": {
      "inputs": {
        "nixpkgs": [
          "nixpkgs"
        ]
      },
      "locked": {
        "lastModified": 1744015615,
        "narHash": "sha256-NdAEJ/WpP3hC/R4hWif2rrrRQtlHNBr7y7pAy0A+8s4=",
        "owner": "loqusion",
        "repo": "typix",
        "rev": "e1107d63ecfb53e09c7e50f466e1167b13df3b72",
        "type": "github"
      },
      "original": {
        "owner": "loqusion",
        "repo": "typix",
        "type": "github"
      }
    }
  },
  "root": "root",
  "version": 7
}
